
Microsoft Visual Studio Solution File, Format Version 12.00
# Visual Studio 15
VisualStudioVersion = 15.0.27703.2035
MinimumVisualStudioVersion = 10.0.40219.1
Project("{2150E333-8FDC-42A3-9474-1A3956D46DE8}") = "src", "src", "{3FA88DED-4E27-40B0-829F-F9E7F30945FE}"
EndProject
Project("{9A19103F-16F7-4668-BE54-9A1E7A4F7556}") = "MediatR.Sample.Console", "src\MediatR.Sample.Console\MediatR.Sample.Console.csproj", "{C6FD5C74-4F36-452A-AE17-788A5A0E7291}"
EndProject
Global
	GlobalSection(SolutionConfigurationPlatforms) = preSolution
		Debug|Any CPU = Debug|Any CPU
		Release|Any CPU = Release|Any CPU
	EndGlobalSection
	GlobalSection(ProjectConfigurationPlatforms) = postSolution
		{C6FD5C74-4F36-452A-AE17-788A5A0E7291}.Debug|Any CPU.ActiveCfg = Debug|Any CPU
		{C6FD5C74-4F36-452A-AE17-788A5A0E7291}.Debug|Any CPU.Build.0 = Debug|Any CPU
		{C6FD5C74-4F36-452A-AE17-788A5A0E7291}.Release|Any CPU.ActiveCfg = Release|Any CPU
		{C6FD5C74-4F36-452A-AE17-788A5A0E7291}.Release|Any CPU.Build.0 = Release|Any CPU
	EndGlobalSection
	GlobalSection(SolutionProperties) = preSolution
		HideSolutionNode = FALSE
	EndGlobalSection
	GlobalSection(NestedProjects) = preSolution
		{C6FD5C74-4F36-452A-AE17-788A5A0E7291} = {3FA88DED-4E27-40B0-829F-F9E7F30945FE}
	EndGlobalSection
	GlobalSection(ExtensibilityGlobals) = postSolution
		SolutionGuid = {D80EFD6D-CBA7-44B3-9790-66A3AD90A92D}
	EndGlobalSection
EndGlobal
